
Microsoft Visual Studio Solution File, Format Version 12.00
# Visual Studio Version 16
VisualStudioVersion = 16.0.32106.194
MinimumVisualStudioVersion = 10.0.40219.1
Project("{8BC9CEB8-8B4A-11D0-8D11-00A0C91BC942}") = "NAST", "NAST\NAST.vcxproj", "{11B2B96B-2CDB-4897-8C51-9571677069BF}"
EndProject
Project("{8BC9CEB8-8B4A-11D0-8D11-00A0C91BC942}") = "mak_povis_5", "..\mak_povis_5\mak_povis_5\mak_povis_5.vcxproj", "{90FD1F5F-80CF-4C68-8E6E-1C2BF48105A3}"
EndProject
Global
	GlobalSection(SolutionConfigurationPlatforms) = preSolution
		Debug|x64 = Debug|x64
		Debug|x86 = Debug|x86
		Release|x64 = Release|x64
		Release|x86 = Release|x86
	EndGlobalSection
	GlobalSection(ProjectConfigurationPlatforms) = postSolution
		{11B2B96B-2CDB-4897-8C51-9571677069BF}.Debug|x64.ActiveCfg = Debug|x64
		{11B2B96B-2CDB-4897-8C51-9571677069BF}.Debug|x64.Build.0 = Debug|x64
		{11B2B96B-2CDB-4897-8C51-9571677069BF}.Debug|x86.ActiveCfg = Debug|Win32
		{11B2B96B-2CDB-4897-8C51-9571677069BF}.Debug|x86.Build.0 = Debug|Win32
		{11B2B96B-2CDB-4897-8C51-9571677069BF}.Release|x64.ActiveCfg = Release|x64
		{11B2B96B-2CDB-4897-8C51-9571677069BF}.Release|x64.Build.0 = Release|x64
		{11B2B96B-2CDB-4897-8C51-9571677069BF}.Release|x86.ActiveCfg = Release|Win32
		{11B2B96B-2CDB-4897-8C51-9571677069BF}.Release|x86.Build.0 = Release|Win32
		{90FD1F5F-80CF-4C68-8E6E-1C2BF48105A3}.Debug|x64.ActiveCfg = Debug|x64
		{90FD1F5F-80CF-4C68-8E6E-1C2BF48105A3}.Debug|x64.Build.0 = Debug|x64
		{90FD1F5F-80CF-4C68-8E6E-1C2BF48105A3}.Debug|x86.ActiveCfg = Debug|Win32
		{90FD1F5F-80CF-4C68-8E6E-1C2BF48105A3}.Debug|x86.Build.0 = Debug|Win32
		{90FD1F5F-80CF-4C68-8E6E-1C2BF48105A3}.Release|x64.ActiveCfg = Release|x64
		{90FD1F5F-80CF-4C68-8E6E-1C2BF48105A3}.Release|x64.Build.0 = Release|x64
		{90FD1F5F-80CF-4C68-8E6E-1C2BF48105A3}.Release|x86.ActiveCfg = Release|Win32
		{90FD1F5F-80CF-4C68-8E6E-1C2BF48105A3}.Release|x86.Build.0 = Release|Win32
	EndGlobalSection
	GlobalSection(SolutionProperties) = preSolution
		HideSolutionNode = FALSE
	EndGlobalSection
	GlobalSection(ExtensibilityGlobals) = postSolution
		SolutionGuid = {8B9122D4-207F-4D3E-B4C1-A2BB563CC22C}
	EndGlobalSection
EndGlobal
